
Microsoft Visual Studio Solution File, Format Version 12.00
# Visual Studio Version 16
VisualStudioVersion = 16.0.29613.14
MinimumVisualStudioVersion = 10.0.40219.1
Project("{FAE04EC0-301F-11D3-BF4B-00C04F79EFBC}") = "WebAppTest", "WebAppTest\WebAppTest.csproj", "{A413E046-CF30-4EEE-A575-ED3223AD1E6B}"
EndProject
Project("{FAE04EC0-301F-11D3-BF4B-00C04F79EFBC}") = "WebAppTest.Data", "WebAppTest.Data\WebAppTest.Data.csproj", "{586AC8EC-09F4-4FFD-BE3F-6ACE60AE9697}"
EndProject
Global
	GlobalSection(SolutionConfigurationPlatforms) = preSolution
		Debug|Any CPU = Debug|Any CPU
		Release|Any CPU = Release|Any CPU
	EndGlobalSection
	GlobalSection(ProjectConfigurationPlatforms) = postSolution
		{A413E046-CF30-4EEE-A575-ED3223AD1E6B}.Debug|Any CPU.ActiveCfg = Debug|Any CPU
		{A413E046-CF30-4EEE-A575-ED3223AD1E6B}.Debug|Any CPU.Build.0 = Debug|Any CPU
		{A413E046-CF30-4EEE-A575-ED3223AD1E6B}.Release|Any CPU.ActiveCfg = Release|Any CPU
		{A413E046-CF30-4EEE-A575-ED3223AD1E6B}.Release|Any CPU.Build.0 = Release|Any CPU
		{586AC8EC-09F4-4FFD-BE3F-6ACE60AE9697}.Debug|Any CPU.ActiveCfg = Debug|Any CPU
		{586AC8EC-09F4-4FFD-BE3F-6ACE60AE9697}.Debug|Any CPU.Build.0 = Debug|Any CPU
		{586AC8EC-09F4-4FFD-BE3F-6ACE60AE9697}.Release|Any CPU.ActiveCfg = Release|Any CPU
		{586AC8EC-09F4-4FFD-BE3F-6ACE60AE9697}.Release|Any CPU.Build.0 = Release|Any CPU
	EndGlobalSection
	GlobalSection(SolutionProperties) = preSolution
		HideSolutionNode = FALSE
	EndGlobalSection
	GlobalSection(ExtensibilityGlobals) = postSolution
		SolutionGuid = {E5EF0E6A-0E80-4FB9-8CD5-9810916F45A8}
	EndGlobalSection
EndGlobal
